
Microsoft Visual Studio Solution File, Format Version 12.00
# Visual Studio 15
VisualStudioVersion = 15.0.28307.1259
MinimumVisualStudioVersion = 10.0.40219.1
Project("{FAE04EC0-301F-11D3-BF4B-00C04F79EFBC}") = "crud_wpf", "crud_wpf\crud_wpf.csproj", "{B6FE4B28-82AB-444C-A4D5-FA819E411B18}"
EndProject
Global
	GlobalSection(SolutionConfigurationPlatforms) = preSolution
		Debug|Any CPU = Debug|Any CPU
		Release|Any CPU = Release|Any CPU
	EndGlobalSection
	GlobalSection(ProjectConfigurationPlatforms) = postSolution
		{B6FE4B28-82AB-444C-A4D5-FA819E411B18}.Debug|Any CPU.ActiveCfg = Debug|Any CPU
		{B6FE4B28-82AB-444C-A4D5-FA819E411B18}.Debug|Any CPU.Build.0 = Debug|Any CPU
		{B6FE4B28-82AB-444C-A4D5-FA819E411B18}.Release|Any CPU.ActiveCfg = Release|Any CPU
		{B6FE4B28-82AB-444C-A4D5-FA819E411B18}.Release|Any CPU.Build.0 = Release|Any CPU
	EndGlobalSection
	GlobalSection(SolutionProperties) = preSolution
		HideSolutionNode = FALSE
	EndGlobalSection
	GlobalSection(ExtensibilityGlobals) = postSolution
		SolutionGuid = {8D3D6326-3F82-45F7-A431-2CBC0C0CB513}
	EndGlobalSection
EndGlobal
